
Microsoft Visual Studio Solution File, Format Version 12.00
# Visual Studio 15
VisualStudioVersion = 15.0.28307.757
MinimumVisualStudioVersion = 10.0.40219.1
Project("{FAE04EC0-301F-11D3-BF4B-00C04F79EFBC}") = "BindReportToUnionBasedFederatedDataSource", "Reporting-Bind-Report-to-Union-Based-Federated-Data-Source\BindReportToUnionBasedFederatedDataSource.csproj", "{5D39D49F-DAB7-40E4-BAE6-3E2B83E3B256}"
EndProject
Global
	GlobalSection(SolutionConfigurationPlatforms) = preSolution
		Debug|Any CPU = Debug|Any CPU
		Release|Any CPU = Release|Any CPU
	EndGlobalSection
	GlobalSection(ProjectConfigurationPlatforms) = postSolution
		{5D39D49F-DAB7-40E4-BAE6-3E2B83E3B256}.Debug|Any CPU.ActiveCfg = Debug|Any CPU
		{5D39D49F-DAB7-40E4-BAE6-3E2B83E3B256}.Debug|Any CPU.Build.0 = Debug|Any CPU
		{5D39D49F-DAB7-40E4-BAE6-3E2B83E3B256}.Release|Any CPU.ActiveCfg = Release|Any CPU
		{5D39D49F-DAB7-40E4-BAE6-3E2B83E3B256}.Release|Any CPU.Build.0 = Release|Any CPU
		EndGlobalSection
	GlobalSection(SolutionProperties) = preSolution
		HideSolutionNode = FALSE
	EndGlobalSection
	GlobalSection(ExtensibilityGlobals) = postSolution
		SolutionGuid = {1DBA5863-9FEB-4D89-8283-0A8A5179A29A}
	EndGlobalSection
EndGlobal
